// !$*UTF8*$!
{
	archiveVersion = 1;
	classes = {
	};
	objectVersion = 56;
	objects = {

/* Begin PBXBuildFile section */
		BA8DA15A2B9F82CE0047A48C /* ResumeNetworking.docc in Sources */ = {isa = PBXBuildFile; fileRef = BA8DA1592B9F82CE0047A48C /* ResumeNetworking.docc */; };
		BA8DA1602B9F82CE0047A48C /* ResumeNetworking.framework in Frameworks */ = {isa = PBXBuildFile; fileRef = BA8DA1552B9F82CE0047A48C /* ResumeNetworking.framework */; };
		BA8DA1652B9F82CE0047A48C /* ResumeNetworkingTests.swift in Sources */ = {isa = PBXBuildFile; fileRef = BA8DA1642B9F82CE0047A48C /* ResumeNetworkingTests.swift */; };
		BA8DA1662B9F82CE0047A48C /* ResumeNetworking.h in Headers */ = {isa = PBXBuildFile; fileRef = BA8DA1582B9F82CE0047A48C /* ResumeNetworking.h */; settings = {ATTRIBUTES = (Public, ); }; };
/* End PBXBuildFile section */

/* Begin PBXContainerItemProxy section */
		BA8DA1612B9F82CE0047A48C /* PBXContainerItemProxy */ = {
			isa = PBXContainerItemProxy;
			containerPortal = BA8DA14C2B9F82CE0047A48C /* Project object */;
			proxyType = 1;
			remoteGlobalIDString = BA8DA1542B9F82CE0047A48C;
			remoteInfo = ResumeNetworking;
		};
/* End PBXContainerItemProxy section */

/* Begin PBXFileReference section */
		BA8DA1552B9F82CE0047A48C /* ResumeNetworking.framework */ = {isa = PBXFileReference; explicitFileType = wrapper.framework; includeInIndex = 0; path = ResumeNetworking.framework; sourceTree = BUILT_PRODUCTS_DIR; };
		BA8DA1582B9F82CE0047A48C /* ResumeNetworking.h */ = {isa = PBXFileReference; lastKnownFileType = sourcecode.c.h; path = ResumeNetworking.h; sourceTree = "<group>"; };
		BA8DA1592B9F82CE0047A48C /* ResumeNetworking.docc */ = {isa = PBXFileReference; lastKnownFileType = folder.documentationcatalog; path = ResumeNetworking.docc; sourceTree = "<group>"; };
		BA8DA15F2B9F82CE0047A48C /* ResumeNetworkingTests.xctest */ = {isa = PBXFileReference; explicitFileType = wrapper.cfbundle; includeInIndex = 0; path = ResumeNetworkingTests.xctest; sourceTree = BUILT_PRODUCTS_DIR; };
		BA8DA1642B9F82CE0047A48C /* ResumeNetworkingTests.swift */ = {isa = PBXFileReference; lastKnownFileType = sourcecode.swift; path = ResumeNetworkingTests.swift; sourceTree = "<group>"; };
/* End PBXFileReference section */

/* Begin PBXFrameworksBuildPhase section */
		BA8DA1522B9F82CE0047A48C /* Frameworks */ = {
			isa = PBXFrameworksBuildPhase;
			buildActionMask = 2147483647;
			files = (
			);
			runOnlyForDeploymentPostprocessing = 0;
		};
		BA8DA15C2B9F82CE0047A48C /* Frameworks */ = {
			isa = PBXFrameworksBuildPhase;
			buildActionMask = 2147483647;
			files = (
				BA8DA1602B9F82CE0047A48C /* ResumeNetworking.framework in Frameworks */,
			);
			runOnlyForDeploymentPostprocessing = 0;
		};
/* End PBXFrameworksBuildPhase section */

/* Begin PBXGroup section */
		BA8DA14B2B9F82CE0047A48C = {
			isa = PBXGroup;
			children = (
				BA8DA1572B9F82CE0047A48C /* ResumeNetworking */,
				BA8DA1632B9F82CE0047A48C /* ResumeNetworkingTests */,
				BA8DA1562B9F82CE0047A48C /* Products */,
			);
			sourceTree = "<group>";
		};
		BA8DA1562B9F82CE0047A48C /* Products */ = {
			isa = PBXGroup;
			children = (
				BA8DA1552B9F82CE0047A48C /* ResumeNetworking.framework */,
				BA8DA15F2B9F82CE0047A48C /* ResumeNetworkingTests.xctest */,
			);
			name = Products;
			sourceTree = "<group>";
		};
		BA8DA1572B9F82CE0047A48C /* ResumeNetworking */ = {
			isa = PBXGroup;
			children = (
				BA8DA1582B9F82CE0047A48C /* ResumeNetworking.h */,
				BA8DA1592B9F82CE0047A48C /* ResumeNetworking.docc */,
			);
			path = ResumeNetworking;
			sourceTree = "<group>";
		};
		BA8DA1632B9F82CE0047A48C /* ResumeNetworkingTests */ = {
			isa = PBXGroup;
			children = (
				BA8DA1642B9F82CE0047A48C /* ResumeNetworkingTests.swift */,
			);
			path = ResumeNetworkingTests;
			sourceTree = "<group>";
		};
/* End PBXGroup section */

/* Begin PBXHeadersBuildPhase section */
		BA8DA1502B9F82CE0047A48C /* Headers */ = {
			isa = PBXHeadersBuildPhase;
			buildActionMask = 2147483647;
			files = (
				BA8DA1662B9F82CE0047A48C /* ResumeNetworking.h in Headers */,
			);
			runOnlyForDeploymentPostprocessing = 0;
		};
/* End PBXHeadersBuildPhase section */

/* Begin PBXNativeTarget section */
		BA8DA1542B9F82CE0047A48C /* ResumeNetworking */ = {
			isa = PBXNativeTarget;
			buildConfigurationList = BA8DA1692B9F82CE0047A48C /* Build configuration list for PBXNativeTarget "ResumeNetworking" */;
			buildPhases = (
				BA8DA1502B9F82CE0047A48C /* Headers */,
				BA8DA1512B9F82CE0047A48C /* Sources */,
				BA8DA1522B9F82CE0047A48C /* Frameworks */,
				BA8DA1532B9F82CE0047A48C /* Resources */,
			);
			buildRules = (
			);
			dependencies = (
			);
			name = ResumeNetworking;
			productName = ResumeNetworking;
			productReference = BA8DA1552B9F82CE0047A48C /* ResumeNetworking.framework */;
			productType = "com.apple.product-type.framework";
		};
		BA8DA15E2B9F82CE0047A48C /* ResumeNetworkingTests */ = {
			isa = PBXNativeTarget;
			buildConfigurationList = BA8DA16C2B9F82CE0047A48C /* Build configuration list for PBXNativeTarget "ResumeNetworkingTests" */;
			buildPhases = (
				BA8DA15B2B9F82CE0047A48C /* Sources */,
				BA8DA15C2B9F82CE0047A48C /* Frameworks */,
				BA8DA15D2B9F82CE0047A48C /* Resources */,
			);
			buildRules = (
			);
			dependencies = (
				BA8DA1622B9F82CE0047A48C /* PBXTargetDependency */,
			);
			name = ResumeNetworkingTests;
			productName = ResumeNetworkingTests;
			productReference = BA8DA15F2B9F82CE0047A48C /* ResumeNetworkingTests.xctest */;
			productType = "com.apple.product-type.bundle.unit-test";
		};
/* End PBXNativeTarget section */

/* Begin PBXProject section */
		BA8DA14C2B9F82CE0047A48C /* Project object */ = {
			isa = PBXProject;
			attributes = {
				BuildIndependentTargetsInParallel = 1;
				LastSwiftUpdateCheck = 1530;
				LastUpgradeCheck = 1530;
				TargetAttributes = {
					BA8DA1542B9F82CE0047A48C = {
						CreatedOnToolsVersion = 15.3;
					};
					BA8DA15E2B9F82CE0047A48C = {
						CreatedOnToolsVersion = 15.3;
					};
				};
			};
			buildConfigurationList = BA8DA14F2B9F82CE0047A48C /* Build configuration list for PBXProject "ResumeNetworking" */;
			compatibilityVersion = "Xcode 14.0";
			developmentRegion = en;
			hasScannedForEncodings = 0;
			knownRegions = (
				en,
				Base,
			);
			mainGroup = BA8DA14B2B9F82CE0047A48C;
			productRefGroup = BA8DA1562B9F82CE0047A48C /* Products */;
			projectDirPath = "";
			projectRoot = "";
			targets = (
				BA8DA1542B9F82CE0047A48C /* ResumeNetworking */,
				BA8DA15E2B9F82CE0047A48C /* ResumeNetworkingTests */,
			);
		};
/* End PBXProject section */

/* Begin PBXResourcesBuildPhase section */
		BA8DA1532B9F82CE0047A48C /* Resources */ = {
			isa = PBXResourcesBuildPhase;
			buildActionMask = 2147483647;
			files = (
			);
			runOnlyForDeploymentPostprocessing = 0;
		};
		BA8DA15D2B9F82CE0047A48C /* Resources */ = {
			isa = PBXResourcesBuildPhase;
			buildActionMask = 2147483647;
			files = (
			);
			runOnlyForDeploymentPostprocessing = 0;
		};
/* End PBXResourcesBuildPhase section */

/* Begin PBXSourcesBuildPhase section */
		BA8DA1512B9F82CE0047A48C /* Sources */ = {
			isa = PBXSourcesBuildPhase;
			buildActionMask = 2147483647;
			files = (
				BA8DA15A2B9F82CE0047A48C /* ResumeNetworking.docc in Sources */,
			);
			runOnlyForDeploymentPostprocessing = 0;
		};
		BA8DA15B2B9F82CE0047A48C /* Sources */ = {
			isa = PBXSourcesBuildPhase;
			buildActionMask = 2147483647;
			files = (
				BA8DA1652B9F82CE0047A48C /* ResumeNetworkingTests.swift in Sources */,
			);
			runOnlyForDeploymentPostprocessing = 0;
		};
/* End PBXSourcesBuildPhase section */

/* Begin PBXTargetDependency section */
		BA8DA1622B9F82CE0047A48C /* PBXTargetDependency */ = {
			isa = PBXTargetDependency;
			target = BA8DA1542B9F82CE0047A48C /* ResumeNetworking */;
			targetProxy = BA8DA1612B9F82CE0047A48C /* PBXContainerItemProxy */;
		};
/* End PBXTargetDependency section */

/* Begin XCBuildConfiguration section */
		BA8DA1672B9F82CE0047A48C /* Debug */ = {
			isa = XCBuildConfiguration;
			buildSettings = {
				ALWAYS_SEARCH_USER_PATHS = NO;
				ASSETCATALOG_COMPILER_GENERATE_SWIFT_ASSET_SYMBOL_EXTENSIONS = YES;
				CLANG_ANALYZER_NONNULL = YES;
				CLANG_ANALYZER_NUMBER_OBJECT_CONVERSION = YES_AGGRESSIVE;
				CLANG_CXX_LANGUAGE_STANDARD = "gnu++20";
				CLANG_ENABLE_MODULES = YES;
				CLANG_ENABLE_OBJC_ARC = YES;
				CLANG_ENABLE_OBJC_WEAK = YES;
				CLANG_WARN_BLOCK_CAPTURE_AUTORELEASING = YES;
				CLANG_WARN_BOOL_CONVERSION = YES;
				CLANG_WARN_COMMA = YES;
				CLANG_WARN_CONSTANT_CONVERSION = YES;
				CLANG_WARN_DEPRECATED_OBJC_IMPLEMENTATIONS = YES;
				CLANG_WARN_DIRECT_OBJC_ISA_USAGE = YES_ERROR;
				CLANG_WARN_DOCUMENTATION_COMMENTS = YES;
				CLANG_WARN_EMPTY_BODY = YES;
				CLANG_WARN_ENUM_CONVERSION = YES;
				CLANG_WARN_INFINITE_RECURSION = YES;
				CLANG_WARN_INT_CONVERSION = YES;
				CLANG_WARN_NON_LITERAL_NULL_CONVERSION = YES;
				CLANG_WARN_OBJC_IMPLICIT_RETAIN_SELF = YES;
				CLANG_WARN_OBJC_LITERAL_CONVERSION = YES;
				CLANG_WARN_OBJC_ROOT_CLASS = YES_ERROR;
				CLANG_WARN_QUOTED_INCLUDE_IN_FRAMEWORK_HEADER = YES;
				CLANG_WARN_RANGE_LOOP_ANALYSIS = YES;
				CLANG_WARN_STRICT_PROTOTYPES = YES;
				CLANG_WARN_SUSPICIOUS_MOVE = YES;
				CLANG_WARN_UNGUARDED_AVAILABILITY = YES_AGGRESSIVE;
				CLANG_WARN_UNREACHABLE_CODE = YES;
				CLANG_WARN__DUPLICATE_METHOD_MATCH = YES;
				COPY_PHASE_STRIP = NO;
				CURRENT_PROJECT_VERSION = 1;
				DEBUG_INFORMATION_FORMAT = dwarf;
				ENABLE_STRICT_OBJC_MSGSEND = YES;
				ENABLE_TESTABILITY = YES;
				ENABLE_USER_SCRIPT_SANDBOXING = YES;
				GCC_C_LANGUAGE_STANDARD = gnu17;
				GCC_DYNAMIC_NO_PIC = NO;
				GCC_NO_COMMON_BLOCKS = YES;
				GCC_OPTIMIZATION_LEVEL = 0;
				GCC_PREPROCESSOR_DEFINITIONS = (
					"DEBUG=1",
					"$(inherited)",
				);
				GCC_WARN_64_TO_32_BIT_CONVERSION = YES;
				GCC_WARN_ABOUT_RETURN_TYPE = YES_ERROR;
				GCC_WARN_UNDECLARED_SELECTOR = YES;
				GCC_WARN_UNINITIALIZED_AUTOS = YES_AGGRESSIVE;
				GCC_WARN_UNUSED_FUNCTION = YES;
				GCC_WARN_UNUSED_VARIABLE = YES;
				IPHONEOS_DEPLOYMENT_TARGET = 17.4;
				LOCALIZATION_PREFERS_STRING_CATALOGS = YES;
				MTL_ENABLE_DEBUG_INFO = INCLUDE_SOURCE;
				MTL_FAST_MATH = YES;
				ONLY_ACTIVE_ARCH = YES;
				SDKROOT = iphoneos;
				SWIFT_ACTIVE_COMPILATION_CONDITIONS = "DEBUG $(inherited)";
				SWIFT_OPTIMIZATION_LEVEL = "-Onone";
				VERSIONING_SYSTEM = "apple-generic";
				VERSION_INFO_PREFIX = "";
			};
			name = Debug;
		};
		BA8DA1682B9F82CE0047A48C /* Release */ = {
			isa = XCBuildConfiguration;
			buildSettings = {
				ALWAYS_SEARCH_USER_PATHS = NO;
				ASSETCATALOG_COMPILER_GENERATE_SWIFT_ASSET_SYMBOL_EXTENSIONS = YES;
				CLANG_ANALYZER_NONNULL = YES;
				CLANG_ANALYZER_NUMBER_OBJECT_CONVERSION = YES_AGGRESSIVE;
				CLANG_CXX_LANGUAGE_STANDARD = "gnu++20";
				CLANG_ENABLE_MODULES = YES;
				CLANG_ENABLE_OBJC_ARC = YES;
				CLANG_ENABLE_OBJC_WEAK = YES;
				CLANG_WARN_BLOCK_CAPTURE_AUTORELEASING = YES;
				CLANG_WARN_BOOL_CONVERSION = YES;
				CLANG_WARN_COMMA = YES;
				CLANG_WARN_CONSTANT_CONVERSION = YES;
				CLANG_WARN_DEPRECATED_OBJC_IMPLEMENTATIONS = YES;
				CLANG_WARN_DIRECT_OBJC_ISA_USAGE = YES_ERROR;
				CLANG_WARN_DOCUMENTATION_COMMENTS = YES;
				CLANG_WARN_EMPTY_BODY = YES;
				CLANG_WARN_ENUM_CONVERSION = YES;
				CLANG_WARN_INFINITE_RECURSION = YES;
				CLANG_WARN_INT_CONVERSION = YES;
				CLANG_WARN_NON_LITERAL_NULL_CONVERSION = YES;
				CLANG_WARN_OBJC_IMPLICIT_RETAIN_SELF = YES;
				CLANG_WARN_OBJC_LITERAL_CONVERSION = YES;
				CLANG_WARN_OBJC_ROOT_CLASS = YES_ERROR;
				CLANG_WARN_QUOTED_INCLUDE_IN_FRAMEWORK_HEADER = YES;
				CLANG_WARN_RANGE_LOOP_ANALYSIS = YES;
				CLANG_WARN_STRICT_PROTOTYPES = YES;
				CLANG_WARN_SUSPICIOUS_MOVE = YES;
				CLANG_WARN_UNGUARDED_AVAILABILITY = YES_AGGRESSIVE;
				CLANG_WARN_UNREACHABLE_CODE = YES;
				CLANG_WARN__DUPLICATE_METHOD_MATCH = YES;
				COPY_PHASE_STRIP = NO;
				CURRENT_PROJECT_VERSION = 1;
				DEBUG_INFORMATION_FORMAT = "dwarf-with-dsym";
				ENABLE_NS_ASSERTIONS = NO;
				ENABLE_STRICT_OBJC_MSGSEND = YES;
				ENABLE_USER_SCRIPT_SANDBOXING = YES;
				GCC_C_LANGUAGE_STANDARD = gnu17;
				GCC_NO_COMMON_BLOCKS = YES;
				GCC_WARN_64_TO_32_BIT_CONVERSION = YES;
				GCC_WARN_ABOUT_RETURN_TYPE = YES_ERROR;
				GCC_WARN_UNDECLARED_SELECTOR = YES;
				GCC_WARN_UNINITIALIZED_AUTOS = YES_AGGRESSIVE;
				GCC_WARN_UNUSED_FUNCTION = YES;
				GCC_WARN_UNUSED_VARIABLE = YES;
				IPHONEOS_DEPLOYMENT_TARGET = 17.4;
				LOCALIZATION_PREFERS_STRING_CATALOGS = YES;
				MTL_ENABLE_DEBUG_INFO = NO;
				MTL_FAST_MATH = YES;
				SDKROOT = iphoneos;
				SWIFT_COMPILATION_MODE = wholemodule;
				VALIDATE_PRODUCT = YES;
				VERSIONING_SYSTEM = "apple-generic";
				VERSION_INFO_PREFIX = "";
			};
			name = Release;
		};
		BA8DA16A2B9F82CE0047A48C /* Debug */ = {
			isa = XCBuildConfiguration;
			buildSettings = {
				BUILD_LIBRARY_FOR_DISTRIBUTION = YES;
				CODE_SIGN_STYLE = Automatic;
				CURRENT_PROJECT_VERSION = 1;
				DEFINES_MODULE = YES;
				DEVELOPMENT_TEAM = 7QNLA2YVU8;
				DYLIB_COMPATIBILITY_VERSION = 1;
				DYLIB_CURRENT_VERSION = 1;
				DYLIB_INSTALL_NAME_BASE = "@rpath";
				ENABLE_MODULE_VERIFIER = YES;
				GENERATE_INFOPLIST_FILE = YES;
				INFOPLIST_KEY_NSHumanReadableCopyright = "";
				INSTALL_PATH = "$(LOCAL_LIBRARY_DIR)/Frameworks";
				LD_RUNPATH_SEARCH_PATHS = (
					"$(inherited)",
					"@executable_path/Frameworks",
					"@loader_path/Frameworks",
				);
				MARKETING_VERSION = 1.0;
				MODULE_VERIFIER_SUPPORTED_LANGUAGES = "objective-c objective-c++";
				MODULE_VERIFIER_SUPPORTED_LANGUAGE_STANDARDS = "gnu17 gnu++20";
				PRODUCT_BUNDLE_IDENTIFIER = com.andynadal.ResumeNetworking;
				PRODUCT_NAME = "$(TARGET_NAME:c99extidentifier)";
				SKIP_INSTALL = YES;
				SWIFT_EMIT_LOC_STRINGS = YES;
				SWIFT_INSTALL_OBJC_HEADER = NO;
				SWIFT_VERSION = 5.0;
				TARGETED_DEVICE_FAMILY = "1,2";
			};
			name = Debug;
		};
		BA8DA16B2B9F82CE0047A48C /* Release */ = {
			isa = XCBuildConfiguration;
			buildSettings = {
				BUILD_LIBRARY_FOR_DISTRIBUTION = YES;
				CODE_SIGN_STYLE = Automatic;
				CURRENT_PROJECT_VERSION = 1;
				DEFINES_MODULE = YES;
				DEVELOPMENT_TEAM = 7QNLA2YVU8;
				DYLIB_COMPATIBILITY_VERSION = 1;
				DYLIB_CURRENT_VERSION = 1;
				DYLIB_INSTALL_NAME_BASE = "@rpath";
				ENABLE_MODULE_VERIFIER = YES;
				GENERATE_INFOPLIST_FILE = YES;
				INFOPLIST_KEY_NSHumanReadableCopyright = "";
				INSTALL_PATH = "$(LOCAL_LIBRARY_DIR)/Frameworks";
				LD_RUNPATH_SEARCH_PATHS = (
					"$(inherited)",
					"@executable_path/Frameworks",
					"@loader_path/Frameworks",
				);
				MARKETING_VERSION = 1.0;
				MODULE_VERIFIER_SUPPORTED_LANGUAGES = "objective-c objective-c++";
				MODULE_VERIFIER_SUPPORTED_LANGUAGE_STANDARDS = "gnu17 gnu++20";
				PRODUCT_BUNDLE_IDENTIFIER = com.andynadal.ResumeNetworking;
				PRODUCT_NAME = "$(TARGET_NAME:c99extidentifier)";
				SKIP_INSTALL = YES;
				SWIFT_EMIT_LOC_STRINGS = YES;
				SWIFT_INSTALL_OBJC_HEADER = NO;
				SWIFT_VERSION = 5.0;
				TARGETED_DEVICE_FAMILY = "1,2";
			};
			name = Release;
		};
		BA8DA16D2B9F82CE0047A48C /* Debug */ = {
			isa = XCBuildConfiguration;
			buildSettings = {
				CODE_SIGN_STYLE = Automatic;
				CURRENT_PROJECT_VERSION = 1;
				DEVELOPMENT_TEAM = 7QNLA2YVU8;
				GENERATE_INFOPLIST_FILE = YES;
				MARKETING_VERSION = 1.0;
				PRODUCT_BUNDLE_IDENTIFIER = com.andynadal.ResumeNetworkingTests;
				PRODUCT_NAME = "$(TARGET_NAME)";
				SWIFT_EMIT_LOC_STRINGS = NO;
				SWIFT_VERSION = 5.0;
				TARGETED_DEVICE_FAMILY = "1,2";
			};
			name = Debug;
		};
		BA8DA16E2B9F82CE0047A48C /* Release */ = {
			isa = XCBuildConfiguration;
			buildSettings = {
				CODE_SIGN_STYLE = Automatic;
				CURRENT_PROJECT_VERSION = 1;
				DEVELOPMENT_TEAM = 7QNLA2YVU8;
				GENERATE_INFOPLIST_FILE = YES;
				MARKETING_VERSION = 1.0;
				PRODUCT_BUNDLE_IDENTIFIER = com.andynadal.ResumeNetworkingTests;
				PRODUCT_NAME = "$(TARGET_NAME)";
				SWIFT_EMIT_LOC_STRINGS = NO;
				SWIFT_VERSION = 5.0;
				TARGETED_DEVICE_FAMILY = "1,2";
			};
			name = Release;
		};
/* End XCBuildConfiguration section */

/* Begin XCConfigurationList section */
		BA8DA14F2B9F82CE0047A48C /* Build configuration list for PBXProject "ResumeNetworking" */ = {
			isa = XCConfigurationList;
			buildConfigurations = (
				BA8DA1672B9F82CE0047A48C /* Debug */,
				BA8DA1682B9F82CE0047A48C /* Release */,
			);
			defaultConfigurationIsVisible = 0;
			defaultConfigurationName = Release;
		};
		BA8DA1692B9F82CE0047A48C /* Build configuration list for PBXNativeTarget "ResumeNetworking" */ = {
			isa = XCConfigurationList;
			buildConfigurations = (
				BA8DA16A2B9F82CE0047A48C /* Debug */,
				BA8DA16B2B9F82CE0047A48C /* Release */,
			);
			defaultConfigurationIsVisible = 0;
			defaultConfigurationName = Release;
		};
		BA8DA16C2B9F82CE0047A48C /* Build configuration list for PBXNativeTarget "ResumeNetworkingTests" */ = {
			isa = XCConfigurationList;
			buildConfigurations = (
				BA8DA16D2B9F82CE0047A48C /* Debug */,
				BA8DA16E2B9F82CE0047A48C /* Release */,
			);
			defaultConfigurationIsVisible = 0;
			defaultConfigurationName = Release;
		};
/* End XCConfigurationList section */
	};
	rootObject = BA8DA14C2B9F82CE0047A48C /* Project object */;
}
